
Microsoft Visual Studio Solution File, Format Version 12.00
# Visual Studio 15
VisualStudioVersion = 15.0.26430.6
MinimumVisualStudioVersion = 10.0.40219.1
Project("{FAE04EC0-301F-11D3-BF4B-00C04F79EFBC}") = "CloudVisionAPI", "CloudVisionAPI\CloudVisionAPI.csproj", "{7F7A553F-2D79-4B65-868C-D5CECF415073}"
EndProject
Project("{FAE04EC0-301F-11D3-BF4B-00C04F79EFBC}") = "VisionApp", "VisionApp\VisionApp.csproj", "{D3571309-6B52-4418-9087-CF16CA0C4FA1}"
EndProject
Global
	GlobalSection(SolutionConfigurationPlatforms) = preSolution
		Debug|Any CPU = Debug|Any CPU
		Debug|ARM = Debug|ARM
		Debug|x64 = Debug|x64
		Debug|x86 = Debug|x86
		Release|Any CPU = Release|Any CPU
		Release|ARM = Release|ARM
		Release|x64 = Release|x64
		Release|x86 = Release|x86
	EndGlobalSection
	GlobalSection(ProjectConfigurationPlatforms) = postSolution
		{7F7A553F-2D79-4B65-868C-D5CECF415073}.Debug|Any CPU.ActiveCfg = Debug|Any CPU
		{7F7A553F-2D79-4B65-868C-D5CECF415073}.Debug|Any CPU.Build.0 = Debug|Any CPU
		{7F7A553F-2D79-4B65-868C-D5CECF415073}.Debug|ARM.ActiveCfg = Debug|ARM
		{7F7A553F-2D79-4B65-868C-D5CECF415073}.Debug|ARM.Build.0 = Debug|ARM
		{7F7A553F-2D79-4B65-868C-D5CECF415073}.Debug|x64.ActiveCfg = Debug|x64
		{7F7A553F-2D79-4B65-868C-D5CECF415073}.Debug|x64.Build.0 = Debug|x64
		{7F7A553F-2D79-4B65-868C-D5CECF415073}.Debug|x86.ActiveCfg = Debug|x86
		{7F7A553F-2D79-4B65-868C-D5CECF415073}.Debug|x86.Build.0 = Debug|x86
		{7F7A553F-2D79-4B65-868C-D5CECF415073}.Release|Any CPU.ActiveCfg = Release|Any CPU
		{7F7A553F-2D79-4B65-868C-D5CECF415073}.Release|Any CPU.Build.0 = Release|Any CPU
		{7F7A553F-2D79-4B65-868C-D5CECF415073}.Release|ARM.ActiveCfg = Release|ARM
		{7F7A553F-2D79-4B65-868C-D5CECF415073}.Release|ARM.Build.0 = Release|ARM
		{7F7A553F-2D79-4B65-868C-D5CECF415073}.Release|x64.ActiveCfg = Release|x64
		{7F7A553F-2D79-4B65-868C-D5CECF415073}.Release|x64.Build.0 = Release|x64
		{7F7A553F-2D79-4B65-868C-D5CECF415073}.Release|x86.ActiveCfg = Release|x86
		{7F7A553F-2D79-4B65-868C-D5CECF415073}.Release|x86.Build.0 = Release|x86
		{D3571309-6B52-4418-9087-CF16CA0C4FA1}.Debug|Any CPU.ActiveCfg = Debug|x86
		{D3571309-6B52-4418-9087-CF16CA0C4FA1}.Debug|ARM.ActiveCfg = Debug|ARM
		{D3571309-6B52-4418-9087-CF16CA0C4FA1}.Debug|ARM.Build.0 = Debug|ARM
		{D3571309-6B52-4418-9087-CF16CA0C4FA1}.Debug|ARM.Deploy.0 = Debug|ARM
		{D3571309-6B52-4418-9087-CF16CA0C4FA1}.Debug|x64.ActiveCfg = Debug|x64
		{D3571309-6B52-4418-9087-CF16CA0C4FA1}.Debug|x64.Build.0 = Debug|x64
		{D3571309-6B52-4418-9087-CF16CA0C4FA1}.Debug|x64.Deploy.0 = Debug|x64
		{D3571309-6B52-4418-9087-CF16CA0C4FA1}.Debug|x86.ActiveCfg = Debug|x86
		{D3571309-6B52-4418-9087-CF16CA0C4FA1}.Debug|x86.Build.0 = Debug|x86
		{D3571309-6B52-4418-9087-CF16CA0C4FA1}.Debug|x86.Deploy.0 = Debug|x86
		{D3571309-6B52-4418-9087-CF16CA0C4FA1}.Release|Any CPU.ActiveCfg = Release|x86
		{D3571309-6B52-4418-9087-CF16CA0C4FA1}.Release|ARM.ActiveCfg = Release|ARM
		{D3571309-6B52-4418-9087-CF16CA0C4FA1}.Release|ARM.Build.0 = Release|ARM
		{D3571309-6B52-4418-9087-CF16CA0C4FA1}.Release|ARM.Deploy.0 = Release|ARM
		{D3571309-6B52-4418-9087-CF16CA0C4FA1}.Release|x64.ActiveCfg = Release|x64
		{D3571309-6B52-4418-9087-CF16CA0C4FA1}.Release|x64.Build.0 = Release|x64
		{D3571309-6B52-4418-9087-CF16CA0C4FA1}.Release|x64.Deploy.0 = Release|x64
		{D3571309-6B52-4418-9087-CF16CA0C4FA1}.Release|x86.ActiveCfg = Release|x86
		{D3571309-6B52-4418-9087-CF16CA0C4FA1}.Release|x86.Build.0 = Release|x86
		{D3571309-6B52-4418-9087-CF16CA0C4FA1}.Release|x86.Deploy.0 = Release|x86
	EndGlobalSection
	GlobalSection(SolutionProperties) = preSolution
		HideSolutionNode = FALSE
	EndGlobalSection
EndGlobal
